{
	"name": "@utilify/colors",
	"version": "1.0.0",
	"lockfileVersion": 3,
	"requires": true,
	"packages": {
		"": {
			"name": "@utilify/colors",
			"version": "1.0.0",
			"license": "MIT",
			"dependencies": {
				"@utilify/array": "^1.0.2"
			}
		},
		"node_modules/@utilify/array": {
			"version": "1.0.2",
			"resolved": "https://registry.npmjs.org/@utilify/array/-/array-1.0.2.tgz",
			"integrity": "sha512-LgB22UHFXnudspZZB6DywY97zWsmQvX97K4Px3bv/HnnzC96k7oaESBQDLtm8+QdP/cQFS8SP8FbBp1rKLxX4g==",
			"license": "MIT"
		}
	}
}
