{
	"name": "@utilify/core",
	"version": "1.0.0",
	"lockfileVersion": 3,
	"requires": true,
	"packages": {
		"": {
			"name": "@utilify/core",
			"version": "1.0.0",
			"license": "MIT",
			"dependencies": {
				"@utilify/browser": "^3.0.0",
				"@utilify/colors": "^1.0.1",
				"@utilify/crypto": "^1.0.0",
				"@utilify/date": "^1.0.0",
				"@utilify/environment": "^1.0.0",
				"@utilify/function": "^1.0.0",
				"@utilify/math": "^1.0.0",
				"@utilify/object": "^1.0.0",
				"@utilify/regex": "^1.0.0",
				"@utilify/string": "^1.0.0",
				"@utilify/types": "^1.0.0"
			}
		},
		"node_modules/@utilify/array": {
			"version": "1.0.3",
			"resolved": "https://registry.npmjs.org/@utilify/array/-/array-1.0.3.tgz",
			"integrity": "sha512-mzAj5EJH+kvHg/FT38xf5cl/590ngGL15AbCCv2SN8TIBBjer2DSuuDzwi7y05eIdT3qUrx8VOVtoBXbVXitlA==",
			"license": "MIT"
		},
		"node_modules/@utilify/browser": {
			"version": "3.0.0",
			"resolved": "https://registry.npmjs.org/@utilify/browser/-/browser-3.0.0.tgz",
			"integrity": "sha512-JIiGBSJAM0Fuak/dA6aISjWqrAHip+SbQZ8l70MlegO4CR2P9mcSbLbnoDW3jtt8gbArslEeItbp+M02Nswu2w==",
			"license": "MIT",
			"dependencies": {
				"@utilify/environment": "^1.0.0"
			}
		},
		"node_modules/@utilify/colors": {
			"version": "1.0.1",
			"resolved": "https://registry.npmjs.org/@utilify/colors/-/colors-1.0.1.tgz",
			"integrity": "sha512-FCmvWECg2rFqZzm61KT7LKd3cb7tBEEBx1eBtwhoW2gyAl/45FPtXsLfhvU4OVBmLhLY0pfhEMsJJFA3jQP3+w==",
			"license": "MIT",
			"dependencies": {
				"@utilify/array": "^1.0.2"
			}
		},
		"node_modules/@utilify/crypto": {
			"version": "1.0.0",
			"resolved": "https://registry.npmjs.org/@utilify/crypto/-/crypto-1.0.0.tgz",
			"integrity": "sha512-yBqi/9YdMJyjuOyL3JXoN35XjostSOo4VuLPZXQENvKVWHduBQgjYI4vploUIwHJlJCG5rIzUDVaV1kJta0NgA==",
			"license": "MIT",
			"dependencies": {
				"@utilify/environment": "^1.0.0"
			}
		},
		"node_modules/@utilify/date": {
			"version": "1.0.0",
			"resolved": "https://registry.npmjs.org/@utilify/date/-/date-1.0.0.tgz",
			"integrity": "sha512-UlqtBx8hvyOFQnvjG1RlboDnTB1mVSixXdSuYoE0P0RmXEWsHj3L0PhmAmi3mgHAijcLBEmyhr0GL7zrf20t0A==",
			"license": "MIT"
		},
		"node_modules/@utilify/environment": {
			"version": "1.0.0",
			"resolved": "https://registry.npmjs.org/@utilify/environment/-/environment-1.0.0.tgz",
			"integrity": "sha512-E0ekcNnc6stQNetE2Ig1K+G6pXhw7N5Ij/g2qt3Qzwmg62ZFxmGEpvz69LdTqVPERoctmy3RoqxIneQ1n9pz7w==",
			"license": "MIT",
			"dependencies": {
				"@utilify/types": "^1.0.0"
			}
		},
		"node_modules/@utilify/function": {
			"version": "1.0.0",
			"resolved": "https://registry.npmjs.org/@utilify/function/-/function-1.0.0.tgz",
			"integrity": "sha512-gXcgb8wU7KdlrNS2Uws83GvymL7XPFe0IhMMBhbHzGLNevpK5Mw7GwY5HMI6+pU5z7kijpUlerXy0hieRPk3mw==",
			"license": "MIT",
			"dependencies": {
				"@utilify/crypto": "^1.0.0",
				"@utilify/math": "^1.0.0"
			}
		},
		"node_modules/@utilify/math": {
			"version": "1.0.0",
			"resolved": "https://registry.npmjs.org/@utilify/math/-/math-1.0.0.tgz",
			"integrity": "sha512-a9L+4Mmb1EEbeSynNT5cHOMaI8OcOhNO9td97Pb2DsF2ayY2L/vFUXNsEE7VVXwiAQ6yXTI1omVyfKrbaoCb4w==",
			"license": "MIT"
		},
		"node_modules/@utilify/object": {
			"version": "1.0.0",
			"resolved": "https://registry.npmjs.org/@utilify/object/-/object-1.0.0.tgz",
			"integrity": "sha512-O5IopK3U7n7N93i9Aqb3B2Vl4MxCHNoCiftOkVrz7JiQfi0Cfln+7KF6JaGKyOW1ZBKoH3c4TgN9AfWAqZ1WpA==",
			"license": "MIT",
			"dependencies": {
				"@utilify/environment": "^1.0.0",
				"@utilify/types": "^1.0.0"
			}
		},
		"node_modules/@utilify/regex": {
			"version": "1.0.0",
			"resolved": "https://registry.npmjs.org/@utilify/regex/-/regex-1.0.0.tgz",
			"integrity": "sha512-H38mdzKiJrHwXXPMsbXVvZ9ZSutlhvmbCJMcXS8Lq7v0m+itWOUKqmoJiuZzGCORyn8xKVgnHjdgUqmx3huyzA==",
			"license": "MIT"
		},
		"node_modules/@utilify/string": {
			"version": "1.0.0",
			"resolved": "https://registry.npmjs.org/@utilify/string/-/string-1.0.0.tgz",
			"integrity": "sha512-Y37IEfqOIBSIM8hXx2+etLZqHkbkYkYsi3mt/v/Cv/gMhVvAeG4TPvou6Fx2INpDAVYYXk8YgLFXENDbim6koA==",
			"license": "MIT"
		},
		"node_modules/@utilify/types": {
			"version": "1.0.0",
			"resolved": "https://registry.npmjs.org/@utilify/types/-/types-1.0.0.tgz",
			"integrity": "sha512-rGCqWdjlch4fY7NOIgIw30AIkSVEgmKkkd8C9PKFxa27GH0EvW+oStxqiWxp/vt0pTazAodHjGfeCS0rIZTH8w==",
			"license": "MIT"
		}
	}
}
