{
	"name": "@utilify/environment",
	"version": "1.0.0",
	"lockfileVersion": 3,
	"requires": true,
	"packages": {
		"": {
			"name": "@utilify/environment",
			"version": "1.0.0",
			"license": "MIT",
			"dependencies": {
				"@utilify/types": "^1.0.0"
			}
		},
		"node_modules/@utilify/types": {
			"version": "1.0.0",
			"resolved": "https://registry.npmjs.org/@utilify/types/-/types-1.0.0.tgz",
			"integrity": "sha512-rGCqWdjlch4fY7NOIgIw30AIkSVEgmKkkd8C9PKFxa27GH0EvW+oStxqiWxp/vt0pTazAodHjGfeCS0rIZTH8w==",
			"license": "MIT"
		}
	}
}
